// !$*UTF8*$!
{
	archiveVersion = 1;
	classes = {
	};
	objectVersion = 46;
	objects = {

/* Begin PBXBuildFile section */
		902115FA1F81655900917595 /* MRTeam.swift in Sources */ = {isa = PBXBuildFile; fileRef = 902115F91F81655900917595 /* MRTeam.swift */; };
		902115FB1F81655900917595 /* MRTeam.swift in Sources */ = {isa = PBXBuildFile; fileRef = 902115F91F81655900917595 /* MRTeam.swift */; };
		902D367A1FB92E5E00469EFB /* TeamDetailViewController.swift in Sources */ = {isa = PBXBuildFile; fileRef = 902D36791FB92E5E00469EFB /* TeamDetailViewController.swift */; };
		902D367D1FB92EB800469EFB /* RetrospcectiveCollectionViewCell.swift in Sources */ = {isa = PBXBuildFile; fileRef = 902D367B1FB92EB800469EFB /* RetrospcectiveCollectionViewCell.swift */; };
		902D367E1FB92EB800469EFB /* RetrospcectiveCollectionViewCell.xib in Resources */ = {isa = PBXBuildFile; fileRef = 902D367C1FB92EB800469EFB /* RetrospcectiveCollectionViewCell.xib */; };
		902D36801FB941DE00469EFB /* MRRetro.swift in Sources */ = {isa = PBXBuildFile; fileRef = 902D367F1FB941DE00469EFB /* MRRetro.swift */; };
		903432CB1F65E092004AA40E /* CoreDataManager.m in Sources */ = {isa = PBXBuildFile; fileRef = 903432C81F65E092004AA40E /* CoreDataManager.m */; };
		903432CC1F65E092004AA40E /* LoginServices.m in Sources */ = {isa = PBXBuildFile; fileRef = 903432CA1F65E092004AA40E /* LoginServices.m */; };
		903432D61F65E0A4004AA40E /* LoginViewController.m in Sources */ = {isa = PBXBuildFile; fileRef = 903432D21F65E0A4004AA40E /* LoginViewController.m */; };
		903432DB1F65E127004AA40E /* LaunchScreen.storyboard in Resources */ = {isa = PBXBuildFile; fileRef = 903432D91F65E127004AA40E /* LaunchScreen.storyboard */; };
		905A8E981F660EB2008C1F17 /* HomeScreenViewController.swift in Sources */ = {isa = PBXBuildFile; fileRef = 905A8E971F660EB2008C1F17 /* HomeScreenViewController.swift */; };
		905A8E9D1F661004008C1F17 /* TeamsListViewController.swift in Sources */ = {isa = PBXBuildFile; fileRef = 905A8E9C1F661004008C1F17 /* TeamsListViewController.swift */; };
		D28009ED1F36575A00E8BE10 /* main.m in Sources */ = {isa = PBXBuildFile; fileRef = D28009EC1F36575A00E8BE10 /* main.m */; };
		D28009F01F36575A00E8BE10 /* AppDelegate.m in Sources */ = {isa = PBXBuildFile; fileRef = D28009EF1F36575A00E8BE10 /* AppDelegate.m */; };
		D28009F61F36575A00E8BE10 /* Main.storyboard in Resources */ = {isa = PBXBuildFile; fileRef = D28009F41F36575A00E8BE10 /* Main.storyboard */; };
		D28009F91F36575A00E8BE10 /* MetroRetro.xcdatamodeld in Sources */ = {isa = PBXBuildFile; fileRef = D28009F71F36575A00E8BE10 /* MetroRetro.xcdatamodeld */; };
		D28009FB1F36575A00E8BE10 /* Assets.xcassets in Resources */ = {isa = PBXBuildFile; fileRef = D28009FA1F36575A00E8BE10 /* Assets.xcassets */; };
		D2800A091F36575A00E8BE10 /* MetroRetroTests.m in Sources */ = {isa = PBXBuildFile; fileRef = D2800A081F36575A00E8BE10 /* MetroRetroTests.m */; };
		D2800A141F36575A00E8BE10 /* MetroRetroUITests.m in Sources */ = {isa = PBXBuildFile; fileRef = D2800A131F36575A00E8BE10 /* MetroRetroUITests.m */; };
/* End PBXBuildFile section */

/* Begin PBXContainerItemProxy section */
		D2800A051F36575A00E8BE10 /* PBXContainerItemProxy */ = {
			isa = PBXContainerItemProxy;
			containerPortal = D28009E01F36575A00E8BE10 /* Project object */;
			proxyType = 1;
			remoteGlobalIDString = D28009E71F36575A00E8BE10;
			remoteInfo = MetroRetro;
		};
		D2800A101F36575A00E8BE10 /* PBXContainerItemProxy */ = {
			isa = PBXContainerItemProxy;
			containerPortal = D28009E01F36575A00E8BE10 /* Project object */;
			proxyType = 1;
			remoteGlobalIDString = D28009E71F36575A00E8BE10;
			remoteInfo = MetroRetro;
		};
/* End PBXContainerItemProxy section */

/* Begin PBXFileReference section */
		902115F81F81655900917595 /* MetroRetroUITests-Bridging-Header.h */ = {isa = PBXFileReference; lastKnownFileType = sourcecode.c.h; name = "MetroRetroUITests-Bridging-Header.h"; path = "../MetroRetro/Displayable Data Objects/MetroRetroUITests-Bridging-Header.h"; sourceTree = "<group>"; };
		902115F91F81655900917595 /* MRTeam.swift */ = {isa = PBXFileReference; fileEncoding = 4; lastKnownFileType = sourcecode.swift; path = MRTeam.swift; sourceTree = "<group>"; };
		902D36791FB92E5E00469EFB /* TeamDetailViewController.swift */ = {isa = PBXFileReference; fileEncoding = 4; lastKnownFileType = sourcecode.swift; path = TeamDetailViewController.swift; sourceTree = "<group>"; };
		902D367B1FB92EB800469EFB /* RetrospcectiveCollectionViewCell.swift */ = {isa = PBXFileReference; lastKnownFileType = sourcecode.swift; path = RetrospcectiveCollectionViewCell.swift; sourceTree = "<group>"; };
		902D367C1FB92EB800469EFB /* RetrospcectiveCollectionViewCell.xib */ = {isa = PBXFileReference; lastKnownFileType = file.xib; path = RetrospcectiveCollectionViewCell.xib; sourceTree = "<group>"; };
		902D367F1FB941DE00469EFB /* MRRetro.swift */ = {isa = PBXFileReference; lastKnownFileType = sourcecode.swift; path = MRRetro.swift; sourceTree = "<group>"; };
		903432C71F65E092004AA40E /* CoreDataManager.h */ = {isa = PBXFileReference; fileEncoding = 4; lastKnownFileType = sourcecode.c.h; path = CoreDataManager.h; sourceTree = "<group>"; };
		903432C81F65E092004AA40E /* CoreDataManager.m */ = {isa = PBXFileReference; fileEncoding = 4; lastKnownFileType = sourcecode.c.objc; path = CoreDataManager.m; sourceTree = "<group>"; };
		903432C91F65E092004AA40E /* LoginServices.h */ = {isa = PBXFileReference; fileEncoding = 4; lastKnownFileType = sourcecode.c.h; path = LoginServices.h; sourceTree = "<group>"; };
		903432CA1F65E092004AA40E /* LoginServices.m */ = {isa = PBXFileReference; fileEncoding = 4; lastKnownFileType = sourcecode.c.objc; path = LoginServices.m; sourceTree = "<group>"; };
		903432D11F65E0A4004AA40E /* LoginViewController.h */ = {isa = PBXFileReference; fileEncoding = 4; lastKnownFileType = sourcecode.c.h; path = LoginViewController.h; sourceTree = "<group>"; };
		903432D21F65E0A4004AA40E /* LoginViewController.m */ = {isa = PBXFileReference; fileEncoding = 4; lastKnownFileType = sourcecode.c.objc; path = LoginViewController.m; sourceTree = "<group>"; };
		903432D81F65E0D1004AA40E /* Constants.h */ = {isa = PBXFileReference; fileEncoding = 4; lastKnownFileType = sourcecode.c.h; path = Constants.h; sourceTree = "<group>"; };
		903432DA1F65E127004AA40E /* Base */ = {isa = PBXFileReference; lastKnownFileType = file.storyboard; name = Base; path = Base.lproj/LaunchScreen.storyboard; sourceTree = "<group>"; };
		905A8E931F65F60F008C1F17 /* MetroRetro-Bridging-Header.h */ = {isa = PBXFileReference; lastKnownFileType = sourcecode.c.h; name = "MetroRetro-Bridging-Header.h"; path = "UserInterface/MetroRetro-Bridging-Header.h"; sourceTree = "<group>"; };
		905A8E971F660EB2008C1F17 /* HomeScreenViewController.swift */ = {isa = PBXFileReference; fileEncoding = 4; lastKnownFileType = sourcecode.swift; path = HomeScreenViewController.swift; sourceTree = "<group>"; };
		905A8E9C1F661004008C1F17 /* TeamsListViewController.swift */ = {isa = PBXFileReference; fileEncoding = 4; lastKnownFileType = sourcecode.swift; path = TeamsListViewController.swift; sourceTree = "<group>"; };
		D28009E81F36575A00E8BE10 /* MetroRetro.app */ = {isa = PBXFileReference; explicitFileType = wrapper.application; includeInIndex = 0; path = MetroRetro.app; sourceTree = BUILT_PRODUCTS_DIR; };
		D28009EC1F36575A00E8BE10 /* main.m */ = {isa = PBXFileReference; lastKnownFileType = sourcecode.c.objc; path = main.m; sourceTree = "<group>"; };
		D28009EE1F36575A00E8BE10 /* AppDelegate.h */ = {isa = PBXFileReference; lastKnownFileType = sourcecode.c.h; path = AppDelegate.h; sourceTree = "<group>"; };
		D28009EF1F36575A00E8BE10 /* AppDelegate.m */ = {isa = PBXFileReference; lastKnownFileType = sourcecode.c.objc; path = AppDelegate.m; sourceTree = "<group>"; };
		D28009F51F36575A00E8BE10 /* Base */ = {isa = PBXFileReference; lastKnownFileType = file.storyboard; name = Base; path = Base.lproj/Main.storyboard; sourceTree = "<group>"; };
		D28009F81F36575A00E8BE10 /* MetroRetro.xcdatamodel */ = {isa = PBXFileReference; lastKnownFileType = wrapper.xcdatamodel; path = MetroRetro.xcdatamodel; sourceTree = "<group>"; };
		D28009FA1F36575A00E8BE10 /* Assets.xcassets */ = {isa = PBXFileReference; lastKnownFileType = folder.assetcatalog; path = Assets.xcassets; sourceTree = "<group>"; };
		D28009FF1F36575A00E8BE10 /* Info.plist */ = {isa = PBXFileReference; lastKnownFileType = text.plist.xml; path = Info.plist; sourceTree = "<group>"; };
		D2800A041F36575A00E8BE10 /* MetroRetroTests.xctest */ = {isa = PBXFileReference; explicitFileType = wrapper.cfbundle; includeInIndex = 0; path = MetroRetroTests.xctest; sourceTree = BUILT_PRODUCTS_DIR; };
		D2800A081F36575A00E8BE10 /* MetroRetroTests.m */ = {isa = PBXFileReference; lastKnownFileType = sourcecode.c.objc; path = MetroRetroTests.m; sourceTree = "<group>"; };
		D2800A0A1F36575A00E8BE10 /* Info.plist */ = {isa = PBXFileReference; lastKnownFileType = text.plist.xml; path = Info.plist; sourceTree = "<group>"; };
		D2800A0F1F36575A00E8BE10 /* MetroRetroUITests.xctest */ = {isa = PBXFileReference; explicitFileType = wrapper.cfbundle; includeInIndex = 0; path = MetroRetroUITests.xctest; sourceTree = BUILT_PRODUCTS_DIR; };
		D2800A131F36575A00E8BE10 /* MetroRetroUITests.m */ = {isa = PBXFileReference; lastKnownFileType = sourcecode.c.objc; path = MetroRetroUITests.m; sourceTree = "<group>"; };
		D2800A151F36575A00E8BE10 /* Info.plist */ = {isa = PBXFileReference; lastKnownFileType = text.plist.xml; path = Info.plist; sourceTree = "<group>"; };
/* End PBXFileReference section */

/* Begin PBXFrameworksBuildPhase section */
		D28009E51F36575A00E8BE10 /* Frameworks */ = {
			isa = PBXFrameworksBuildPhase;
			buildActionMask = 2147483647;
			files = (
			);
			runOnlyForDeploymentPostprocessing = 0;
		};
		D2800A011F36575A00E8BE10 /* Frameworks */ = {
			isa = PBXFrameworksBuildPhase;
			buildActionMask = 2147483647;
			files = (
			);
			runOnlyForDeploymentPostprocessing = 0;
		};
		D2800A0C1F36575A00E8BE10 /* Frameworks */ = {
			isa = PBXFrameworksBuildPhase;
			buildActionMask = 2147483647;
			files = (
			);
			runOnlyForDeploymentPostprocessing = 0;
		};
/* End PBXFrameworksBuildPhase section */

/* Begin PBXGroup section */
		902115F71F8164C400917595 /* Displayable Data Objects */ = {
			isa = PBXGroup;
			children = (
				902115F91F81655900917595 /* MRTeam.swift */,
				902D367F1FB941DE00469EFB /* MRRetro.swift */,
			);
			path = "Displayable Data Objects";
			sourceTree = "<group>";
		};
		902D36781FB92E4200469EFB /* TeamDetail */ = {
			isa = PBXGroup;
			children = (
				902D36791FB92E5E00469EFB /* TeamDetailViewController.swift */,
				902D367B1FB92EB800469EFB /* RetrospcectiveCollectionViewCell.swift */,
				902D367C1FB92EB800469EFB /* RetrospcectiveCollectionViewCell.xib */,
			);
			path = TeamDetail;
			sourceTree = "<group>";
		};
		903432C61F65E092004AA40E /* Data */ = {
			isa = PBXGroup;
			children = (
				903432D81F65E0D1004AA40E /* Constants.h */,
				903432C71F65E092004AA40E /* CoreDataManager.h */,
				903432C81F65E092004AA40E /* CoreDataManager.m */,
				903432C91F65E092004AA40E /* LoginServices.h */,
				903432CA1F65E092004AA40E /* LoginServices.m */,
			);
			path = Data;
			sourceTree = "<group>";
		};
		903432CD1F65E0A4004AA40E /* UserInterface */ = {
			isa = PBXGroup;
			children = (
				D28009F41F36575A00E8BE10 /* Main.storyboard */,
				903432D91F65E127004AA40E /* LaunchScreen.storyboard */,
				903432D11F65E0A4004AA40E /* LoginViewController.h */,
				903432D21F65E0A4004AA40E /* LoginViewController.m */,
				905A8E961F660EB2008C1F17 /* HomeScreen */,
			);
			path = UserInterface;
			sourceTree = "<group>";
		};
		905A8E961F660EB2008C1F17 /* HomeScreen */ = {
			isa = PBXGroup;
			children = (
				905A8E971F660EB2008C1F17 /* HomeScreenViewController.swift */,
				905A8E9B1F660FE3008C1F17 /* TeamsList */,
				902D36781FB92E4200469EFB /* TeamDetail */,
			);
			path = HomeScreen;
			sourceTree = "<group>";
		};
		905A8E9B1F660FE3008C1F17 /* TeamsList */ = {
			isa = PBXGroup;
			children = (
				905A8E9C1F661004008C1F17 /* TeamsListViewController.swift */,
			);
			path = TeamsList;
			sourceTree = "<group>";
		};
		D28009DF1F36575A00E8BE10 = {
			isa = PBXGroup;
			children = (
				D28009EA1F36575A00E8BE10 /* MetroRetro */,
				D2800A071F36575A00E8BE10 /* MetroRetroTests */,
				D2800A121F36575A00E8BE10 /* MetroRetroUITests */,
				D28009E91F36575A00E8BE10 /* Products */,
			);
			sourceTree = "<group>";
		};
		D28009E91F36575A00E8BE10 /* Products */ = {
			isa = PBXGroup;
			children = (
				D28009E81F36575A00E8BE10 /* MetroRetro.app */,
				D2800A041F36575A00E8BE10 /* MetroRetroTests.xctest */,
				D2800A0F1F36575A00E8BE10 /* MetroRetroUITests.xctest */,
			);
			name = Products;
			sourceTree = "<group>";
		};
		D28009EA1F36575A00E8BE10 /* MetroRetro */ = {
			isa = PBXGroup;
			children = (
				903432CD1F65E0A4004AA40E /* UserInterface */,
				903432C61F65E092004AA40E /* Data */,
				902115F71F8164C400917595 /* Displayable Data Objects */,
				D28009EE1F36575A00E8BE10 /* AppDelegate.h */,
				D28009EF1F36575A00E8BE10 /* AppDelegate.m */,
				905A8E931F65F60F008C1F17 /* MetroRetro-Bridging-Header.h */,
				D28009FA1F36575A00E8BE10 /* Assets.xcassets */,
				D28009FF1F36575A00E8BE10 /* Info.plist */,
				D28009F71F36575A00E8BE10 /* MetroRetro.xcdatamodeld */,
				D28009EB1F36575A00E8BE10 /* Supporting Files */,
			);
			path = MetroRetro;
			sourceTree = "<group>";
		};
		D28009EB1F36575A00E8BE10 /* Supporting Files */ = {
			isa = PBXGroup;
			children = (
				D28009EC1F36575A00E8BE10 /* main.m */,
			);
			name = "Supporting Files";
			sourceTree = "<group>";
		};
		D2800A071F36575A00E8BE10 /* MetroRetroTests */ = {
			isa = PBXGroup;
			children = (
				D2800A081F36575A00E8BE10 /* MetroRetroTests.m */,
				D2800A0A1F36575A00E8BE10 /* Info.plist */,
			);
			path = MetroRetroTests;
			sourceTree = "<group>";
		};
		D2800A121F36575A00E8BE10 /* MetroRetroUITests */ = {
			isa = PBXGroup;
			children = (
				902115F81F81655900917595 /* MetroRetroUITests-Bridging-Header.h */,
				D2800A131F36575A00E8BE10 /* MetroRetroUITests.m */,
				D2800A151F36575A00E8BE10 /* Info.plist */,
			);
			path = MetroRetroUITests;
			sourceTree = "<group>";
		};
/* End PBXGroup section */

/* Begin PBXNativeTarget section */
		D28009E71F36575A00E8BE10 /* MetroRetro */ = {
			isa = PBXNativeTarget;
			buildConfigurationList = D2800A181F36575A00E8BE10 /* Build configuration list for PBXNativeTarget "MetroRetro" */;
			buildPhases = (
				D28009E41F36575A00E8BE10 /* Sources */,
				D28009E51F36575A00E8BE10 /* Frameworks */,
				D28009E61F36575A00E8BE10 /* Resources */,
			);
			buildRules = (
			);
			dependencies = (
			);
			name = MetroRetro;
			productName = MetroRetro;
			productReference = D28009E81F36575A00E8BE10 /* MetroRetro.app */;
			productType = "com.apple.product-type.application";
		};
		D2800A031F36575A00E8BE10 /* MetroRetroTests */ = {
			isa = PBXNativeTarget;
			buildConfigurationList = D2800A1B1F36575A00E8BE10 /* Build configuration list for PBXNativeTarget "MetroRetroTests" */;
			buildPhases = (
				D2800A001F36575A00E8BE10 /* Sources */,
				D2800A011F36575A00E8BE10 /* Frameworks */,
				D2800A021F36575A00E8BE10 /* Resources */,
			);
			buildRules = (
			);
			dependencies = (
				D2800A061F36575A00E8BE10 /* PBXTargetDependency */,
			);
			name = MetroRetroTests;
			productName = MetroRetroTests;
			productReference = D2800A041F36575A00E8BE10 /* MetroRetroTests.xctest */;
			productType = "com.apple.product-type.bundle.unit-test";
		};
		D2800A0E1F36575A00E8BE10 /* MetroRetroUITests */ = {
			isa = PBXNativeTarget;
			buildConfigurationList = D2800A1E1F36575A00E8BE10 /* Build configuration list for PBXNativeTarget "MetroRetroUITests" */;
			buildPhases = (
				D2800A0B1F36575A00E8BE10 /* Sources */,
				D2800A0C1F36575A00E8BE10 /* Frameworks */,
				D2800A0D1F36575A00E8BE10 /* Resources */,
			);
			buildRules = (
			);
			dependencies = (
				D2800A111F36575A00E8BE10 /* PBXTargetDependency */,
			);
			name = MetroRetroUITests;
			productName = MetroRetroUITests;
			productReference = D2800A0F1F36575A00E8BE10 /* MetroRetroUITests.xctest */;
			productType = "com.apple.product-type.bundle.ui-testing";
		};
/* End PBXNativeTarget section */

/* Begin PBXProject section */
		D28009E01F36575A00E8BE10 /* Project object */ = {
			isa = PBXProject;
			attributes = {
				LastUpgradeCheck = 0820;
				ORGANIZATIONNAME = "Terell Pigram";
				TargetAttributes = {
					D28009E71F36575A00E8BE10 = {
						CreatedOnToolsVersion = 8.2.1;
						DevelopmentTeam = L4V8E2GMT3;
						LastSwiftMigration = 0830;
						ProvisioningStyle = Automatic;
					};
					D2800A031F36575A00E8BE10 = {
						CreatedOnToolsVersion = 8.2.1;
						DevelopmentTeam = L4V8E2GMT3;
						ProvisioningStyle = Automatic;
						TestTargetID = D28009E71F36575A00E8BE10;
					};
					D2800A0E1F36575A00E8BE10 = {
						CreatedOnToolsVersion = 8.2.1;
						DevelopmentTeam = L4V8E2GMT3;
						LastSwiftMigration = 0830;
						ProvisioningStyle = Automatic;
						TestTargetID = D28009E71F36575A00E8BE10;
					};
				};
			};
			buildConfigurationList = D28009E31F36575A00E8BE10 /* Build configuration list for PBXProject "MetroRetro" */;
			compatibilityVersion = "Xcode 3.2";
			developmentRegion = English;
			hasScannedForEncodings = 0;
			knownRegions = (
				en,
				Base,
			);
			mainGroup = D28009DF1F36575A00E8BE10;
			productRefGroup = D28009E91F36575A00E8BE10 /* Products */;
			projectDirPath = "";
			projectRoot = "";
			targets = (
				D28009E71F36575A00E8BE10 /* MetroRetro */,
				D2800A031F36575A00E8BE10 /* MetroRetroTests */,
				D2800A0E1F36575A00E8BE10 /* MetroRetroUITests */,
			);
		};
/* End PBXProject section */

/* Begin PBXResourcesBuildPhase section */
		D28009E61F36575A00E8BE10 /* Resources */ = {
			isa = PBXResourcesBuildPhase;
			buildActionMask = 2147483647;
			files = (
				D28009FB1F36575A00E8BE10 /* Assets.xcassets in Resources */,
				903432DB1F65E127004AA40E /* LaunchScreen.storyboard in Resources */,
				902D367E1FB92EB800469EFB /* RetrospcectiveCollectionViewCell.xib in Resources */,
				D28009F61F36575A00E8BE10 /* Main.storyboard in Resources */,
			);
			runOnlyForDeploymentPostprocessing = 0;
		};
		D2800A021F36575A00E8BE10 /* Resources */ = {
			isa = PBXResourcesBuildPhase;
			buildActionMask = 2147483647;
			files = (
			);
			runOnlyForDeploymentPostprocessing = 0;
		};
		D2800A0D1F36575A00E8BE10 /* Resources */ = {
			isa = PBXResourcesBuildPhase;
			buildActionMask = 2147483647;
			files = (
			);
			runOnlyForDeploymentPostprocessing = 0;
		};
/* End PBXResourcesBuildPhase section */

/* Begin PBXSourcesBuildPhase section */
		D28009E41F36575A00E8BE10 /* Sources */ = {
			isa = PBXSourcesBuildPhase;
			buildActionMask = 2147483647;
			files = (
				902D367A1FB92E5E00469EFB /* TeamDetailViewController.swift in Sources */,
				D28009F01F36575A00E8BE10 /* AppDelegate.m in Sources */,
				D28009F91F36575A00E8BE10 /* MetroRetro.xcdatamodeld in Sources */,
				902D36801FB941DE00469EFB /* MRRetro.swift in Sources */,
				903432CB1F65E092004AA40E /* CoreDataManager.m in Sources */,
				903432D61F65E0A4004AA40E /* LoginViewController.m in Sources */,
				D28009ED1F36575A00E8BE10 /* main.m in Sources */,
				902D367D1FB92EB800469EFB /* RetrospcectiveCollectionViewCell.swift in Sources */,
				905A8E9D1F661004008C1F17 /* TeamsListViewController.swift in Sources */,
				903432CC1F65E092004AA40E /* LoginServices.m in Sources */,
				905A8E981F660EB2008C1F17 /* HomeScreenViewController.swift in Sources */,
				902115FA1F81655900917595 /* MRTeam.swift in Sources */,
			);
			runOnlyForDeploymentPostprocessing = 0;
		};
		D2800A001F36575A00E8BE10 /* Sources */ = {
			isa = PBXSourcesBuildPhase;
			buildActionMask = 2147483647;
			files = (
				D2800A091F36575A00E8BE10 /* MetroRetroTests.m in Sources */,
			);
			runOnlyForDeploymentPostprocessing = 0;
		};
		D2800A0B1F36575A00E8BE10 /* Sources */ = {
			isa = PBXSourcesBuildPhase;
			buildActionMask = 2147483647;
			files = (
				D2800A141F36575A00E8BE10 /* MetroRetroUITests.m in Sources */,
				902115FB1F81655900917595 /* MRTeam.swift in Sources */,
			);
			runOnlyForDeploymentPostprocessing = 0;
		};
/* End PBXSourcesBuildPhase section */

/* Begin PBXTargetDependency section */
		D2800A061F36575A00E8BE10 /* PBXTargetDependency */ = {
			isa = PBXTargetDependency;
			target = D28009E71F36575A00E8BE10 /* MetroRetro */;
			targetProxy = D2800A051F36575A00E8BE10 /* PBXContainerItemProxy */;
		};
		D2800A111F36575A00E8BE10 /* PBXTargetDependency */ = {
			isa = PBXTargetDependency;
			target = D28009E71F36575A00E8BE10 /* MetroRetro */;
			targetProxy = D2800A101F36575A00E8BE10 /* PBXContainerItemProxy */;
		};
/* End PBXTargetDependency section */

/* Begin PBXVariantGroup section */
		903432D91F65E127004AA40E /* LaunchScreen.storyboard */ = {
			isa = PBXVariantGroup;
			children = (
				903432DA1F65E127004AA40E /* Base */,
			);
			name = LaunchScreen.storyboard;
			path = ..;
			sourceTree = "<group>";
		};
		D28009F41F36575A00E8BE10 /* Main.storyboard */ = {
			isa = PBXVariantGroup;
			children = (
				D28009F51F36575A00E8BE10 /* Base */,
			);
			name = Main.storyboard;
			path = ..;
			sourceTree = "<group>";
		};
/* End PBXVariantGroup section */

/* Begin XCBuildConfiguration section */
		D2800A161F36575A00E8BE10 /* Debug */ = {
			isa = XCBuildConfiguration;
			buildSettings = {
				ALWAYS_SEARCH_USER_PATHS = NO;
				CLANG_ANALYZER_NONNULL = YES;
				CLANG_CXX_LANGUAGE_STANDARD = "gnu++0x";
				CLANG_CXX_LIBRARY = "libc++";
				CLANG_ENABLE_MODULES = YES;
				CLANG_ENABLE_OBJC_ARC = YES;
				CLANG_WARN_BOOL_CONVERSION = YES;
				CLANG_WARN_CONSTANT_CONVERSION = YES;
				CLANG_WARN_DIRECT_OBJC_ISA_USAGE = YES_ERROR;
				CLANG_WARN_DOCUMENTATION_COMMENTS = YES;
				CLANG_WARN_EMPTY_BODY = YES;
				CLANG_WARN_ENUM_CONVERSION = YES;
				CLANG_WARN_INFINITE_RECURSION = YES;
				CLANG_WARN_INT_CONVERSION = YES;
				CLANG_WARN_OBJC_ROOT_CLASS = YES_ERROR;
				CLANG_WARN_SUSPICIOUS_MOVE = YES;
				CLANG_WARN_UNREACHABLE_CODE = YES;
				CLANG_WARN__DUPLICATE_METHOD_MATCH = YES;
				"CODE_SIGN_IDENTITY[sdk=iphoneos*]" = "iPhone Developer";
				COPY_PHASE_STRIP = NO;
				DEBUG_INFORMATION_FORMAT = dwarf;
				ENABLE_STRICT_OBJC_MSGSEND = YES;
				ENABLE_TESTABILITY = YES;
				GCC_C_LANGUAGE_STANDARD = gnu99;
				GCC_DYNAMIC_NO_PIC = NO;
				GCC_NO_COMMON_BLOCKS = YES;
				GCC_OPTIMIZATION_LEVEL = 0;
				GCC_PREPROCESSOR_DEFINITIONS = (
					"DEBUG=1",
					"$(inherited)",
				);
				GCC_WARN_64_TO_32_BIT_CONVERSION = YES;
				GCC_WARN_ABOUT_RETURN_TYPE = YES_ERROR;
				GCC_WARN_UNDECLARED_SELECTOR = YES;
				GCC_WARN_UNINITIALIZED_AUTOS = YES_AGGRESSIVE;
				GCC_WARN_UNUSED_FUNCTION = YES;
				GCC_WARN_UNUSED_VARIABLE = YES;
				IPHONEOS_DEPLOYMENT_TARGET = 10.2;
				MTL_ENABLE_DEBUG_INFO = YES;
				ONLY_ACTIVE_ARCH = YES;
				SDKROOT = iphoneos;
			};
			name = Debug;
		};
		D2800A171F36575A00E8BE10 /* Release */ = {
			isa = XCBuildConfiguration;
			buildSettings = {
				ALWAYS_SEARCH_USER_PATHS = NO;
				CLANG_ANALYZER_NONNULL = YES;
				CLANG_CXX_LANGUAGE_STANDARD = "gnu++0x";
				CLANG_CXX_LIBRARY = "libc++";
				CLANG_ENABLE_MODULES = YES;
				CLANG_ENABLE_OBJC_ARC = YES;
				CLANG_WARN_BOOL_CONVERSION = YES;
				CLANG_WARN_CONSTANT_CONVERSION = YES;
				CLANG_WARN_DIRECT_OBJC_ISA_USAGE = YES_ERROR;
				CLANG_WARN_DOCUMENTATION_COMMENTS = YES;
				CLANG_WARN_EMPTY_BODY = YES;
				CLANG_WARN_ENUM_CONVERSION = YES;
				CLANG_WARN_INFINITE_RECURSION = YES;
				CLANG_WARN_INT_CONVERSION = YES;
				CLANG_WARN_OBJC_ROOT_CLASS = YES_ERROR;
				CLANG_WARN_SUSPICIOUS_MOVE = YES;
				CLANG_WARN_UNREACHABLE_CODE = YES;
				CLANG_WARN__DUPLICATE_METHOD_MATCH = YES;
				"CODE_SIGN_IDENTITY[sdk=iphoneos*]" = "iPhone Developer";
				COPY_PHASE_STRIP = NO;
				DEBUG_INFORMATION_FORMAT = "dwarf-with-dsym";
				ENABLE_NS_ASSERTIONS = NO;
				ENABLE_STRICT_OBJC_MSGSEND = YES;
				GCC_C_LANGUAGE_STANDARD = gnu99;
				GCC_NO_COMMON_BLOCKS = YES;
				GCC_WARN_64_TO_32_BIT_CONVERSION = YES;
				GCC_WARN_ABOUT_RETURN_TYPE = YES_ERROR;
				GCC_WARN_UNDECLARED_SELECTOR = YES;
				GCC_WARN_UNINITIALIZED_AUTOS = YES_AGGRESSIVE;
				GCC_WARN_UNUSED_FUNCTION = YES;
				GCC_WARN_UNUSED_VARIABLE = YES;
				IPHONEOS_DEPLOYMENT_TARGET = 10.2;
				MTL_ENABLE_DEBUG_INFO = NO;
				SDKROOT = iphoneos;
				VALIDATE_PRODUCT = YES;
			};
			name = Release;
		};
		D2800A191F36575A00E8BE10 /* Debug */ = {
			isa = XCBuildConfiguration;
			buildSettings = {
				ASSETCATALOG_COMPILER_APPICON_NAME = AppIcon;
				CLANG_ENABLE_MODULES = YES;
				DEVELOPMENT_TEAM = L4V8E2GMT3;
				INFOPLIST_FILE = MetroRetro/Info.plist;
				LD_RUNPATH_SEARCH_PATHS = "$(inherited) @executable_path/Frameworks";
				PRODUCT_BUNDLE_IDENTIFIER = com.myCompany.MetroRetro;
				PRODUCT_NAME = "$(TARGET_NAME)";
				SWIFT_OBJC_BRIDGING_HEADER = "MetroRetro/UserInterface/MetroRetro-Bridging-Header.h";
				SWIFT_OPTIMIZATION_LEVEL = "-Onone";
				SWIFT_VERSION = 3.0;
				TARGETED_DEVICE_FAMILY = 2;
			};
			name = Debug;
		};
		D2800A1A1F36575A00E8BE10 /* Release */ = {
			isa = XCBuildConfiguration;
			buildSettings = {
				ASSETCATALOG_COMPILER_APPICON_NAME = AppIcon;
				CLANG_ENABLE_MODULES = YES;
				DEVELOPMENT_TEAM = L4V8E2GMT3;
				INFOPLIST_FILE = MetroRetro/Info.plist;
				LD_RUNPATH_SEARCH_PATHS = "$(inherited) @executable_path/Frameworks";
				PRODUCT_BUNDLE_IDENTIFIER = com.myCompany.MetroRetro;
				PRODUCT_NAME = "$(TARGET_NAME)";
				SWIFT_OBJC_BRIDGING_HEADER = "MetroRetro/UserInterface/MetroRetro-Bridging-Header.h";
				SWIFT_VERSION = 3.0;
				TARGETED_DEVICE_FAMILY = 2;
			};
			name = Release;
		};
		D2800A1C1F36575A00E8BE10 /* Debug */ = {
			isa = XCBuildConfiguration;
			buildSettings = {
				ALWAYS_EMBED_SWIFT_STANDARD_LIBRARIES = YES;
				BUNDLE_LOADER = "$(TEST_HOST)";
				DEVELOPMENT_TEAM = L4V8E2GMT3;
				INFOPLIST_FILE = MetroRetroTests/Info.plist;
				LD_RUNPATH_SEARCH_PATHS = "$(inherited) @executable_path/Frameworks @loader_path/Frameworks";
				PRODUCT_BUNDLE_IDENTIFIER = com.myCompany.MetroRetroTests;
				PRODUCT_NAME = "$(TARGET_NAME)";
				TEST_HOST = "$(BUILT_PRODUCTS_DIR)/MetroRetro.app/MetroRetro";
			};
			name = Debug;
		};
		D2800A1D1F36575A00E8BE10 /* Release */ = {
			isa = XCBuildConfiguration;
			buildSettings = {
				ALWAYS_EMBED_SWIFT_STANDARD_LIBRARIES = YES;
				BUNDLE_LOADER = "$(TEST_HOST)";
				DEVELOPMENT_TEAM = L4V8E2GMT3;
				INFOPLIST_FILE = MetroRetroTests/Info.plist;
				LD_RUNPATH_SEARCH_PATHS = "$(inherited) @executable_path/Frameworks @loader_path/Frameworks";
				PRODUCT_BUNDLE_IDENTIFIER = com.myCompany.MetroRetroTests;
				PRODUCT_NAME = "$(TARGET_NAME)";
				TEST_HOST = "$(BUILT_PRODUCTS_DIR)/MetroRetro.app/MetroRetro";
			};
			name = Release;
		};
		D2800A1F1F36575A00E8BE10 /* Debug */ = {
			isa = XCBuildConfiguration;
			buildSettings = {
				ALWAYS_EMBED_SWIFT_STANDARD_LIBRARIES = YES;
				CLANG_ENABLE_MODULES = YES;
				DEVELOPMENT_TEAM = L4V8E2GMT3;
				INFOPLIST_FILE = MetroRetroUITests/Info.plist;
				LD_RUNPATH_SEARCH_PATHS = "$(inherited) @executable_path/Frameworks @loader_path/Frameworks";
				PRODUCT_BUNDLE_IDENTIFIER = com.myCompany.MetroRetroUITests;
				PRODUCT_NAME = "$(TARGET_NAME)";
				SWIFT_OBJC_BRIDGING_HEADER = "MetroRetro/Displayable Data Objects/MetroRetroUITests-Bridging-Header.h";
				SWIFT_OPTIMIZATION_LEVEL = "-Onone";
				SWIFT_VERSION = 3.0;
				TEST_TARGET_NAME = MetroRetro;
			};
			name = Debug;
		};
		D2800A201F36575A00E8BE10 /* Release */ = {
			isa = XCBuildConfiguration;
			buildSettings = {
				ALWAYS_EMBED_SWIFT_STANDARD_LIBRARIES = YES;
				CLANG_ENABLE_MODULES = YES;
				DEVELOPMENT_TEAM = L4V8E2GMT3;
				INFOPLIST_FILE = MetroRetroUITests/Info.plist;
				LD_RUNPATH_SEARCH_PATHS = "$(inherited) @executable_path/Frameworks @loader_path/Frameworks";
				PRODUCT_BUNDLE_IDENTIFIER = com.myCompany.MetroRetroUITests;
				PRODUCT_NAME = "$(TARGET_NAME)";
				SWIFT_OBJC_BRIDGING_HEADER = "MetroRetro/Displayable Data Objects/MetroRetroUITests-Bridging-Header.h";
				SWIFT_VERSION = 3.0;
				TEST_TARGET_NAME = MetroRetro;
			};
			name = Release;
		};
/* End XCBuildConfiguration section */

/* Begin XCConfigurationList section */
		D28009E31F36575A00E8BE10 /* Build configuration list for PBXProject "MetroRetro" */ = {
			isa = XCConfigurationList;
			buildConfigurations = (
				D2800A161F36575A00E8BE10 /* Debug */,
				D2800A171F36575A00E8BE10 /* Release */,
			);
			defaultConfigurationIsVisible = 0;
			defaultConfigurationName = Release;
		};
		D2800A181F36575A00E8BE10 /* Build configuration list for PBXNativeTarget "MetroRetro" */ = {
			isa = XCConfigurationList;
			buildConfigurations = (
				D2800A191F36575A00E8BE10 /* Debug */,
				D2800A1A1F36575A00E8BE10 /* Release */,
			);
			defaultConfigurationIsVisible = 0;
			defaultConfigurationName = Release;
		};
		D2800A1B1F36575A00E8BE10 /* Build configuration list for PBXNativeTarget "MetroRetroTests" */ = {
			isa = XCConfigurationList;
			buildConfigurations = (
				D2800A1C1F36575A00E8BE10 /* Debug */,
				D2800A1D1F36575A00E8BE10 /* Release */,
			);
			defaultConfigurationIsVisible = 0;
			defaultConfigurationName = Release;
		};
		D2800A1E1F36575A00E8BE10 /* Build configuration list for PBXNativeTarget "MetroRetroUITests" */ = {
			isa = XCConfigurationList;
			buildConfigurations = (
				D2800A1F1F36575A00E8BE10 /* Debug */,
				D2800A201F36575A00E8BE10 /* Release */,
			);
			defaultConfigurationIsVisible = 0;
			defaultConfigurationName = Release;
		};
/* End XCConfigurationList section */

/* Begin XCVersionGroup section */
		D28009F71F36575A00E8BE10 /* MetroRetro.xcdatamodeld */ = {
			isa = XCVersionGroup;
			children = (
				D28009F81F36575A00E8BE10 /* MetroRetro.xcdatamodel */,
			);
			currentVersion = D28009F81F36575A00E8BE10 /* MetroRetro.xcdatamodel */;
			path = MetroRetro.xcdatamodeld;
			sourceTree = "<group>";
			versionGroupType = wrapper.xcdatamodel;
		};
/* End XCVersionGroup section */
	};
	rootObject = D28009E01F36575A00E8BE10 /* Project object */;
}
